
Microsoft Visual Studio Solution File, Format Version 12.00
# Visual Studio Version 17
VisualStudioVersion = 17.8.34309.116
MinimumVisualStudioVersion = 10.0.40219.1
Project("{9A19103F-16F7-4668-BE54-9A1E7A4F7556}") = "TP-Final", "TP-Final\TP-Final.csproj", "{4F6C9EE4-E11A-4C9F-BE5B-3A0693403121}"
EndProject
Global
	GlobalSection(SolutionConfigurationPlatforms) = preSolution
		Debug|Any CPU = Debug|Any CPU
		Release|Any CPU = Release|Any CPU
	EndGlobalSection
	GlobalSection(ProjectConfigurationPlatforms) = postSolution
		{4F6C9EE4-E11A-4C9F-BE5B-3A0693403121}.Debug|Any CPU.ActiveCfg = Debug|Any CPU
		{4F6C9EE4-E11A-4C9F-BE5B-3A0693403121}.Debug|Any CPU.Build.0 = Debug|Any CPU
		{4F6C9EE4-E11A-4C9F-BE5B-3A0693403121}.Release|Any CPU.ActiveCfg = Release|Any CPU
		{4F6C9EE4-E11A-4C9F-BE5B-3A0693403121}.Release|Any CPU.Build.0 = Release|Any CPU
	EndGlobalSection
	GlobalSection(SolutionProperties) = preSolution
		HideSolutionNode = FALSE
	EndGlobalSection
	GlobalSection(ExtensibilityGlobals) = postSolution
		SolutionGuid = {5A1DDA26-3584-43B4-BC21-332CA31B76B8}
	EndGlobalSection
EndGlobal
